// !$*UTF8*$!
{
	archiveVersion = 1;
	classes = {
	};
	objectVersion = 56;
	objects = {

/* Begin PBXBuildFile section */
		B55B419E2A5993750008B1B7 /* RealityKitContent in Frameworks */ = {isa = PBXBuildFile; productRef = B55B419D2A5993750008B1B7 /* RealityKitContent */; };
		B55B41A02A5993750008B1B7 /* Day1App.swift in Sources */ = {isa = PBXBuildFile; fileRef = B55B419F2A5993750008B1B7 /* Day1App.swift */; };
		B55B41A22A5993750008B1B7 /* ContentView.swift in Sources */ = {isa = PBXBuildFile; fileRef = B55B41A12A5993750008B1B7 /* ContentView.swift */; };
		B55B41A42A5993780008B1B7 /* Assets.xcassets in Resources */ = {isa = PBXBuildFile; fileRef = B55B41A32A5993780008B1B7 /* Assets.xcassets */; };
		B55B41A72A5993780008B1B7 /* Preview Assets.xcassets in Resources */ = {isa = PBXBuildFile; fileRef = B55B41A62A5993780008B1B7 /* Preview Assets.xcassets */; };
		B55B41B12A5993780008B1B7 /* Day1Tests.swift in Sources */ = {isa = PBXBuildFile; fileRef = B55B41B02A5993780008B1B7 /* Day1Tests.swift */; };
/* End PBXBuildFile section */

/* Begin PBXContainerItemProxy section */
		B55B41AD2A5993780008B1B7 /* PBXContainerItemProxy */ = {
			isa = PBXContainerItemProxy;
			containerPortal = B55B41902A5993750008B1B7 /* Project object */;
			proxyType = 1;
			remoteGlobalIDString = B55B41972A5993750008B1B7;
			remoteInfo = Day1;
		};
/* End PBXContainerItemProxy section */

/* Begin PBXFileReference section */
		B55B41982A5993750008B1B7 /* Day1.app */ = {isa = PBXFileReference; explicitFileType = wrapper.application; includeInIndex = 0; path = Day1.app; sourceTree = BUILT_PRODUCTS_DIR; };
		B55B419C2A5993750008B1B7 /* RealityKitContent */ = {isa = PBXFileReference; lastKnownFileType = wrapper; path = RealityKitContent; sourceTree = "<group>"; };
		B55B419F2A5993750008B1B7 /* Day1App.swift */ = {isa = PBXFileReference; lastKnownFileType = sourcecode.swift; path = Day1App.swift; sourceTree = "<group>"; };
		B55B41A12A5993750008B1B7 /* ContentView.swift */ = {isa = PBXFileReference; lastKnownFileType = sourcecode.swift; path = ContentView.swift; sourceTree = "<group>"; };
		B55B41A32A5993780008B1B7 /* Assets.xcassets */ = {isa = PBXFileReference; lastKnownFileType = folder.assetcatalog; path = Assets.xcassets; sourceTree = "<group>"; };
		B55B41A62A5993780008B1B7 /* Preview Assets.xcassets */ = {isa = PBXFileReference; lastKnownFileType = folder.assetcatalog; path = "Preview Assets.xcassets"; sourceTree = "<group>"; };
		B55B41AC2A5993780008B1B7 /* Day1Tests.xctest */ = {isa = PBXFileReference; explicitFileType = wrapper.cfbundle; includeInIndex = 0; path = Day1Tests.xctest; sourceTree = BUILT_PRODUCTS_DIR; };
		B55B41B02A5993780008B1B7 /* Day1Tests.swift */ = {isa = PBXFileReference; lastKnownFileType = sourcecode.swift; path = Day1Tests.swift; sourceTree = "<group>"; };
/* End PBXFileReference section */

/* Begin PBXFrameworksBuildPhase section */
		B55B41952A5993750008B1B7 /* Frameworks */ = {
			isa = PBXFrameworksBuildPhase;
			buildActionMask = 2147483647;
			files = (
				B55B419E2A5993750008B1B7 /* RealityKitContent in Frameworks */,
			);
			runOnlyForDeploymentPostprocessing = 0;
		};
		B55B41A92A5993780008B1B7 /* Frameworks */ = {
			isa = PBXFrameworksBuildPhase;
			buildActionMask = 2147483647;
			files = (
			);
			runOnlyForDeploymentPostprocessing = 0;
		};
/* End PBXFrameworksBuildPhase section */

/* Begin PBXGroup section */
		B55B418F2A5993750008B1B7 = {
			isa = PBXGroup;
			children = (
				B55B419A2A5993750008B1B7 /* Day1 */,
				B55B419B2A5993750008B1B7 /* Packages */,
				B55B41AF2A5993780008B1B7 /* Day1Tests */,
				B55B41992A5993750008B1B7 /* Products */,
			);
			sourceTree = "<group>";
		};
		B55B41992A5993750008B1B7 /* Products */ = {
			isa = PBXGroup;
			children = (
				B55B41982A5993750008B1B7 /* Day1.app */,
				B55B41AC2A5993780008B1B7 /* Day1Tests.xctest */,
			);
			name = Products;
			sourceTree = "<group>";
		};
		B55B419A2A5993750008B1B7 /* Day1 */ = {
			isa = PBXGroup;
			children = (
				B55B419F2A5993750008B1B7 /* Day1App.swift */,
				B55B41A12A5993750008B1B7 /* ContentView.swift */,
				B55B41A32A5993780008B1B7 /* Assets.xcassets */,
				B55B41A52A5993780008B1B7 /* Preview Content */,
			);
			path = Day1;
			sourceTree = "<group>";
		};
		B55B419B2A5993750008B1B7 /* Packages */ = {
			isa = PBXGroup;
			children = (
				B55B419C2A5993750008B1B7 /* RealityKitContent */,
			);
			path = Packages;
			sourceTree = "<group>";
		};
		B55B41A52A5993780008B1B7 /* Preview Content */ = {
			isa = PBXGroup;
			children = (
				B55B41A62A5993780008B1B7 /* Preview Assets.xcassets */,
			);
			path = "Preview Content";
			sourceTree = "<group>";
		};
		B55B41AF2A5993780008B1B7 /* Day1Tests */ = {
			isa = PBXGroup;
			children = (
				B55B41B02A5993780008B1B7 /* Day1Tests.swift */,
			);
			path = Day1Tests;
			sourceTree = "<group>";
		};
/* End PBXGroup section */

/* Begin PBXNativeTarget section */
		B55B41972A5993750008B1B7 /* Day1 */ = {
			isa = PBXNativeTarget;
			buildConfigurationList = B55B41B42A5993780008B1B7 /* Build configuration list for PBXNativeTarget "Day1" */;
			buildPhases = (
				B55B41942A5993750008B1B7 /* Sources */,
				B55B41952A5993750008B1B7 /* Frameworks */,
				B55B41962A5993750008B1B7 /* Resources */,
			);
			buildRules = (
			);
			dependencies = (
			);
			name = Day1;
			packageProductDependencies = (
				B55B419D2A5993750008B1B7 /* RealityKitContent */,
			);
			productName = Day1;
			productReference = B55B41982A5993750008B1B7 /* Day1.app */;
			productType = "com.apple.product-type.application";
		};
		B55B41AB2A5993780008B1B7 /* Day1Tests */ = {
			isa = PBXNativeTarget;
			buildConfigurationList = B55B41B72A5993780008B1B7 /* Build configuration list for PBXNativeTarget "Day1Tests" */;
			buildPhases = (
				B55B41A82A5993780008B1B7 /* Sources */,
				B55B41A92A5993780008B1B7 /* Frameworks */,
				B55B41AA2A5993780008B1B7 /* Resources */,
			);
			buildRules = (
			);
			dependencies = (
				B55B41AE2A5993780008B1B7 /* PBXTargetDependency */,
			);
			name = Day1Tests;
			productName = Day1Tests;
			productReference = B55B41AC2A5993780008B1B7 /* Day1Tests.xctest */;
			productType = "com.apple.product-type.bundle.unit-test";
		};
/* End PBXNativeTarget section */

/* Begin PBXProject section */
		B55B41902A5993750008B1B7 /* Project object */ = {
			isa = PBXProject;
			attributes = {
				BuildIndependentTargetsInParallel = 1;
				LastSwiftUpdateCheck = 1500;
				LastUpgradeCheck = 1500;
				TargetAttributes = {
					B55B41972A5993750008B1B7 = {
						CreatedOnToolsVersion = 15.0;
					};
					B55B41AB2A5993780008B1B7 = {
						CreatedOnToolsVersion = 15.0;
						TestTargetID = B55B41972A5993750008B1B7;
					};
				};
			};
			buildConfigurationList = B55B41932A5993750008B1B7 /* Build configuration list for PBXProject "Day1" */;
			compatibilityVersion = "Xcode 14.0";
			developmentRegion = en;
			hasScannedForEncodings = 0;
			knownRegions = (
				en,
				Base,
			);
			mainGroup = B55B418F2A5993750008B1B7;
			productRefGroup = B55B41992A5993750008B1B7 /* Products */;
			projectDirPath = "";
			projectRoot = "";
			targets = (
				B55B41972A5993750008B1B7 /* Day1 */,
				B55B41AB2A5993780008B1B7 /* Day1Tests */,
			);
		};
/* End PBXProject section */

/* Begin PBXResourcesBuildPhase section */
		B55B41962A5993750008B1B7 /* Resources */ = {
			isa = PBXResourcesBuildPhase;
			buildActionMask = 2147483647;
			files = (
				B55B41A72A5993780008B1B7 /* Preview Assets.xcassets in Resources */,
				B55B41A42A5993780008B1B7 /* Assets.xcassets in Resources */,
			);
			runOnlyForDeploymentPostprocessing = 0;
		};
		B55B41AA2A5993780008B1B7 /* Resources */ = {
			isa = PBXResourcesBuildPhase;
			buildActionMask = 2147483647;
			files = (
			);
			runOnlyForDeploymentPostprocessing = 0;
		};
/* End PBXResourcesBuildPhase section */

/* Begin PBXSourcesBuildPhase section */
		B55B41942A5993750008B1B7 /* Sources */ = {
			isa = PBXSourcesBuildPhase;
			buildActionMask = 2147483647;
			files = (
				B55B41A22A5993750008B1B7 /* ContentView.swift in Sources */,
				B55B41A02A5993750008B1B7 /* Day1App.swift in Sources */,
			);
			runOnlyForDeploymentPostprocessing = 0;
		};
		B55B41A82A5993780008B1B7 /* Sources */ = {
			isa = PBXSourcesBuildPhase;
			buildActionMask = 2147483647;
			files = (
				B55B41B12A5993780008B1B7 /* Day1Tests.swift in Sources */,
			);
			runOnlyForDeploymentPostprocessing = 0;
		};
/* End PBXSourcesBuildPhase section */

/* Begin PBXTargetDependency section */
		B55B41AE2A5993780008B1B7 /* PBXTargetDependency */ = {
			isa = PBXTargetDependency;
			target = B55B41972A5993750008B1B7 /* Day1 */;
			targetProxy = B55B41AD2A5993780008B1B7 /* PBXContainerItemProxy */;
		};
/* End PBXTargetDependency section */

/* Begin XCBuildConfiguration section */
		B55B41B22A5993780008B1B7 /* Debug */ = {
			isa = XCBuildConfiguration;
			buildSettings = {
				ALWAYS_SEARCH_USER_PATHS = NO;
				ASSETCATALOG_COMPILER_GENERATE_SWIFT_ASSET_SYMBOL_EXTENSIONS = YES;
				CLANG_ANALYZER_NONNULL = YES;
				CLANG_ANALYZER_NUMBER_OBJECT_CONVERSION = YES_AGGRESSIVE;
				CLANG_CXX_LANGUAGE_STANDARD = "gnu++20";
				CLANG_ENABLE_MODULES = YES;
				CLANG_ENABLE_OBJC_ARC = YES;
				CLANG_ENABLE_OBJC_WEAK = YES;
				CLANG_WARN_BLOCK_CAPTURE_AUTORELEASING = YES;
				CLANG_WARN_BOOL_CONVERSION = YES;
				CLANG_WARN_COMMA = YES;
				CLANG_WARN_CONSTANT_CONVERSION = YES;
				CLANG_WARN_DEPRECATED_OBJC_IMPLEMENTATIONS = YES;
				CLANG_WARN_DIRECT_OBJC_ISA_USAGE = YES_ERROR;
				CLANG_WARN_DOCUMENTATION_COMMENTS = YES;
				CLANG_WARN_EMPTY_BODY = YES;
				CLANG_WARN_ENUM_CONVERSION = YES;
				CLANG_WARN_INFINITE_RECURSION = YES;
				CLANG_WARN_INT_CONVERSION = YES;
				CLANG_WARN_NON_LITERAL_NULL_CONVERSION = YES;
				CLANG_WARN_OBJC_IMPLICIT_RETAIN_SELF = YES;
				CLANG_WARN_OBJC_LITERAL_CONVERSION = YES;
				CLANG_WARN_OBJC_ROOT_CLASS = YES_ERROR;
				CLANG_WARN_QUOTED_INCLUDE_IN_FRAMEWORK_HEADER = YES;
				CLANG_WARN_RANGE_LOOP_ANALYSIS = YES;
				CLANG_WARN_STRICT_PROTOTYPES = YES;
				CLANG_WARN_SUSPICIOUS_MOVE = YES;
				CLANG_WARN_UNGUARDED_AVAILABILITY = YES_AGGRESSIVE;
				CLANG_WARN_UNREACHABLE_CODE = YES;
				CLANG_WARN__DUPLICATE_METHOD_MATCH = YES;
				COPY_PHASE_STRIP = NO;
				DEBUG_INFORMATION_FORMAT = dwarf;
				ENABLE_STRICT_OBJC_MSGSEND = YES;
				ENABLE_TESTABILITY = YES;
				ENABLE_USER_SCRIPT_SANDBOXING = YES;
				GCC_C_LANGUAGE_STANDARD = gnu17;
				GCC_DYNAMIC_NO_PIC = NO;
				GCC_NO_COMMON_BLOCKS = YES;
				GCC_OPTIMIZATION_LEVEL = 0;
				GCC_PREPROCESSOR_DEFINITIONS = (
					"DEBUG=1",
					"$(inherited)",
				);
				GCC_WARN_64_TO_32_BIT_CONVERSION = YES;
				GCC_WARN_ABOUT_RETURN_TYPE = YES_ERROR;
				GCC_WARN_UNDECLARED_SELECTOR = YES;
				GCC_WARN_UNINITIALIZED_AUTOS = YES_AGGRESSIVE;
				GCC_WARN_UNUSED_FUNCTION = YES;
				GCC_WARN_UNUSED_VARIABLE = YES;
				LOCALIZATION_PREFERS_STRING_CATALOGS = YES;
				MTL_ENABLE_DEBUG_INFO = INCLUDE_SOURCE;
				MTL_FAST_MATH = YES;
				ONLY_ACTIVE_ARCH = YES;
				SDKROOT = xros;
				SWIFT_ACTIVE_COMPILATION_CONDITIONS = "DEBUG $(inherited)";
				SWIFT_OPTIMIZATION_LEVEL = "-Onone";
				XROS_DEPLOYMENT_TARGET = 1.0;
			};
			name = Debug;
		};
		B55B41B32A5993780008B1B7 /* Release */ = {
			isa = XCBuildConfiguration;
			buildSettings = {
				ALWAYS_SEARCH_USER_PATHS = NO;
				ASSETCATALOG_COMPILER_GENERATE_SWIFT_ASSET_SYMBOL_EXTENSIONS = YES;
				CLANG_ANALYZER_NONNULL = YES;
				CLANG_ANALYZER_NUMBER_OBJECT_CONVERSION = YES_AGGRESSIVE;
				CLANG_CXX_LANGUAGE_STANDARD = "gnu++20";
				CLANG_ENABLE_MODULES = YES;
				CLANG_ENABLE_OBJC_ARC = YES;
				CLANG_ENABLE_OBJC_WEAK = YES;
				CLANG_WARN_BLOCK_CAPTURE_AUTORELEASING = YES;
				CLANG_WARN_BOOL_CONVERSION = YES;
				CLANG_WARN_COMMA = YES;
				CLANG_WARN_CONSTANT_CONVERSION = YES;
				CLANG_WARN_DEPRECATED_OBJC_IMPLEMENTATIONS = YES;
				CLANG_WARN_DIRECT_OBJC_ISA_USAGE = YES_ERROR;
				CLANG_WARN_DOCUMENTATION_COMMENTS = YES;
				CLANG_WARN_EMPTY_BODY = YES;
				CLANG_WARN_ENUM_CONVERSION = YES;
				CLANG_WARN_INFINITE_RECURSION = YES;
				CLANG_WARN_INT_CONVERSION = YES;
				CLANG_WARN_NON_LITERAL_NULL_CONVERSION = YES;
				CLANG_WARN_OBJC_IMPLICIT_RETAIN_SELF = YES;
				CLANG_WARN_OBJC_LITERAL_CONVERSION = YES;
				CLANG_WARN_OBJC_ROOT_CLASS = YES_ERROR;
				CLANG_WARN_QUOTED_INCLUDE_IN_FRAMEWORK_HEADER = YES;
				CLANG_WARN_RANGE_LOOP_ANALYSIS = YES;
				CLANG_WARN_STRICT_PROTOTYPES = YES;
				CLANG_WARN_SUSPICIOUS_MOVE = YES;
				CLANG_WARN_UNGUARDED_AVAILABILITY = YES_AGGRESSIVE;
				CLANG_WARN_UNREACHABLE_CODE = YES;
				CLANG_WARN__DUPLICATE_METHOD_MATCH = YES;
				COPY_PHASE_STRIP = NO;
				DEBUG_INFORMATION_FORMAT = "dwarf-with-dsym";
				ENABLE_NS_ASSERTIONS = NO;
				ENABLE_STRICT_OBJC_MSGSEND = YES;
				ENABLE_USER_SCRIPT_SANDBOXING = YES;
				GCC_C_LANGUAGE_STANDARD = gnu17;
				GCC_NO_COMMON_BLOCKS = YES;
				GCC_WARN_64_TO_32_BIT_CONVERSION = YES;
				GCC_WARN_ABOUT_RETURN_TYPE = YES_ERROR;
				GCC_WARN_UNDECLARED_SELECTOR = YES;
				GCC_WARN_UNINITIALIZED_AUTOS = YES_AGGRESSIVE;
				GCC_WARN_UNUSED_FUNCTION = YES;
				GCC_WARN_UNUSED_VARIABLE = YES;
				LOCALIZATION_PREFERS_STRING_CATALOGS = YES;
				MTL_ENABLE_DEBUG_INFO = NO;
				MTL_FAST_MATH = YES;
				SDKROOT = xros;
				SWIFT_COMPILATION_MODE = wholemodule;
				VALIDATE_PRODUCT = YES;
				XROS_DEPLOYMENT_TARGET = 1.0;
			};
			name = Release;
		};
		B55B41B52A5993780008B1B7 /* Debug */ = {
			isa = XCBuildConfiguration;
			buildSettings = {
				ASSETCATALOG_COMPILER_APPICON_NAME = AppIcon;
				ASSETCATALOG_COMPILER_GLOBAL_ACCENT_COLOR_NAME = AccentColor;
				CODE_SIGN_STYLE = Automatic;
				CURRENT_PROJECT_VERSION = 1;
				DEVELOPMENT_ASSET_PATHS = "\"Day1/Preview Content\"";
				ENABLE_PREVIEWS = YES;
				GENERATE_INFOPLIST_FILE = YES;
				INFOPLIST_KEY_UIApplicationSceneManifest_Generation = YES;
				LD_RUNPATH_SEARCH_PATHS = (
					"$(inherited)",
					"@executable_path/Frameworks",
				);
				MARKETING_VERSION = 1.0;
				PRODUCT_BUNDLE_IDENTIFIER = goujingji.com.Day1;
				PRODUCT_NAME = "$(TARGET_NAME)";
				SUPPORTED_PLATFORMS = "xros xrsimulator";
				SWIFT_EMIT_LOC_STRINGS = YES;
				SWIFT_VERSION = 5.0;
				TARGETED_DEVICE_FAMILY = "1,2,7";
			};
			name = Debug;
		};
		B55B41B62A5993780008B1B7 /* Release */ = {
			isa = XCBuildConfiguration;
			buildSettings = {
				ASSETCATALOG_COMPILER_APPICON_NAME = AppIcon;
				ASSETCATALOG_COMPILER_GLOBAL_ACCENT_COLOR_NAME = AccentColor;
				CODE_SIGN_STYLE = Automatic;
				CURRENT_PROJECT_VERSION = 1;
				DEVELOPMENT_ASSET_PATHS = "\"Day1/Preview Content\"";
				ENABLE_PREVIEWS = YES;
				GENERATE_INFOPLIST_FILE = YES;
				INFOPLIST_KEY_UIApplicationSceneManifest_Generation = YES;
				LD_RUNPATH_SEARCH_PATHS = (
					"$(inherited)",
					"@executable_path/Frameworks",
				);
				MARKETING_VERSION = 1.0;
				PRODUCT_BUNDLE_IDENTIFIER = goujingji.com.Day1;
				PRODUCT_NAME = "$(TARGET_NAME)";
				SUPPORTED_PLATFORMS = "xros xrsimulator";
				SWIFT_EMIT_LOC_STRINGS = YES;
				SWIFT_VERSION = 5.0;
				TARGETED_DEVICE_FAMILY = "1,2,7";
			};
			name = Release;
		};
		B55B41B82A5993780008B1B7 /* Debug */ = {
			isa = XCBuildConfiguration;
			buildSettings = {
				ALWAYS_EMBED_SWIFT_STANDARD_LIBRARIES = YES;
				BUNDLE_LOADER = "$(TEST_HOST)";
				CODE_SIGN_STYLE = Automatic;
				CURRENT_PROJECT_VERSION = 1;
				GENERATE_INFOPLIST_FILE = YES;
				MARKETING_VERSION = 1.0;
				PRODUCT_BUNDLE_IDENTIFIER = goujingji.com.Day1Tests;
				PRODUCT_NAME = "$(TARGET_NAME)";
				SUPPORTED_PLATFORMS = "xros xrsimulator";
				SWIFT_EMIT_LOC_STRINGS = NO;
				SWIFT_VERSION = 5.0;
				TARGETED_DEVICE_FAMILY = "1,2,7";
				TEST_HOST = "$(BUILT_PRODUCTS_DIR)/Day1.app/$(BUNDLE_EXECUTABLE_FOLDER_PATH)/Day1";
				XROS_DEPLOYMENT_TARGET = 1.0;
			};
			name = Debug;
		};
		B55B41B92A5993780008B1B7 /* Release */ = {
			isa = XCBuildConfiguration;
			buildSettings = {
				ALWAYS_EMBED_SWIFT_STANDARD_LIBRARIES = YES;
				BUNDLE_LOADER = "$(TEST_HOST)";
				CODE_SIGN_STYLE = Automatic;
				CURRENT_PROJECT_VERSION = 1;
				GENERATE_INFOPLIST_FILE = YES;
				MARKETING_VERSION = 1.0;
				PRODUCT_BUNDLE_IDENTIFIER = goujingji.com.Day1Tests;
				PRODUCT_NAME = "$(TARGET_NAME)";
				SUPPORTED_PLATFORMS = "xros xrsimulator";
				SWIFT_EMIT_LOC_STRINGS = NO;
				SWIFT_VERSION = 5.0;
				TARGETED_DEVICE_FAMILY = "1,2,7";
				TEST_HOST = "$(BUILT_PRODUCTS_DIR)/Day1.app/$(BUNDLE_EXECUTABLE_FOLDER_PATH)/Day1";
				XROS_DEPLOYMENT_TARGET = 1.0;
			};
			name = Release;
		};
/* End XCBuildConfiguration section */

/* Begin XCConfigurationList section */
		B55B41932A5993750008B1B7 /* Build configuration list for PBXProject "Day1" */ = {
			isa = XCConfigurationList;
			buildConfigurations = (
				B55B41B22A5993780008B1B7 /* Debug */,
				B55B41B32A5993780008B1B7 /* Release */,
			);
			defaultConfigurationIsVisible = 0;
			defaultConfigurationName = Release;
		};
		B55B41B42A5993780008B1B7 /* Build configuration list for PBXNativeTarget "Day1" */ = {
			isa = XCConfigurationList;
			buildConfigurations = (
				B55B41B52A5993780008B1B7 /* Debug */,
				B55B41B62A5993780008B1B7 /* Release */,
			);
			defaultConfigurationIsVisible = 0;
			defaultConfigurationName = Release;
		};
		B55B41B72A5993780008B1B7 /* Build configuration list for PBXNativeTarget "Day1Tests" */ = {
			isa = XCConfigurationList;
			buildConfigurations = (
				B55B41B82A5993780008B1B7 /* Debug */,
				B55B41B92A5993780008B1B7 /* Release */,
			);
			defaultConfigurationIsVisible = 0;
			defaultConfigurationName = Release;
		};
/* End XCConfigurationList section */

/* Begin XCSwiftPackageProductDependency section */
		B55B419D2A5993750008B1B7 /* RealityKitContent */ = {
			isa = XCSwiftPackageProductDependency;
			productName = RealityKitContent;
		};
/* End XCSwiftPackageProductDependency section */
	};
	rootObject = B55B41902A5993750008B1B7 /* Project object */;
}
